
Microsoft Visual Studio Solution File, Format Version 12.00
# Visual Studio Version 16
VisualStudioVersion = 16.0.30204.135
MinimumVisualStudioVersion = 10.0.40219.1
Project("{FAE04EC0-301F-11D3-BF4B-00C04F79EFBC}") = "WeClean", "WeClean\WeClean.csproj", "{74190F7B-3326-4EEC-BBEE-162467CD132A}"
EndProject
Global
	GlobalSection(SolutionConfigurationPlatforms) = preSolution
		Debug|Any CPU = Debug|Any CPU
		Release|Any CPU = Release|Any CPU
	EndGlobalSection
	GlobalSection(ProjectConfigurationPlatforms) = postSolution
		{74190F7B-3326-4EEC-BBEE-162467CD132A}.Debug|Any CPU.ActiveCfg = Debug|Any CPU
		{74190F7B-3326-4EEC-BBEE-162467CD132A}.Debug|Any CPU.Build.0 = Debug|Any CPU
		{74190F7B-3326-4EEC-BBEE-162467CD132A}.Release|Any CPU.ActiveCfg = Release|Any CPU
		{74190F7B-3326-4EEC-BBEE-162467CD132A}.Release|Any CPU.Build.0 = Release|Any CPU
	EndGlobalSection
	GlobalSection(SolutionProperties) = preSolution
		HideSolutionNode = FALSE
	EndGlobalSection
	GlobalSection(ExtensibilityGlobals) = postSolution
		SolutionGuid = {9B4574F9-0D84-4DCB-A15C-9CB2724B35A2}
	EndGlobalSection
EndGlobal
